// !$*UTF8*$!
{
	archiveVersion = 1;
	classes = {
	};
	objectVersion = 46;
	objects = {

/* Begin PBXBuildFile section */
		CC53C5BA1A79CE8E00756765 /* OpenGLHelloWorld.cpp in Sources */ = {isa = PBXBuildFile; fileRef = CC53C5B81A79CE8E00756765 /* OpenGLHelloWorld.cpp */; };
		CC53C5BC1A79D9B200756765 /* Cocoa.framework in Frameworks */ = {isa = PBXBuildFile; fileRef = CC53C5BB1A79D9B200756765 /* Cocoa.framework */; };
		CC53C5BE1A79D9B900756765 /* GLUT.framework in Frameworks */ = {isa = PBXBuildFile; fileRef = CC53C5BD1A79D9B900756765 /* GLUT.framework */; };
		CC53C5C01A79D9D000756765 /* OpenGL.framework in Frameworks */ = {isa = PBXBuildFile; fileRef = CC53C5BF1A79D9D000756765 /* OpenGL.framework */; };
		CC5C72931A79C929009F6699 /* main.cpp in Sources */ = {isa = PBXBuildFile; fileRef = CC5C72921A79C929009F6699 /* main.cpp */; };
		CCE8E0EC1A7DB7D700211E0C /* GLKit.framework in Frameworks */ = {isa = PBXBuildFile; fileRef = CCE8E0EB1A7DB7D700211E0C /* GLKit.framework */; };
/* End PBXBuildFile section */

/* Begin PBXCopyFilesBuildPhase section */
		CC5C728D1A79C929009F6699 /* CopyFiles */ = {
			isa = PBXCopyFilesBuildPhase;
			buildActionMask = 2147483647;
			dstPath = /usr/share/man/man1/;
			dstSubfolderSpec = 0;
			files = (
			);
			runOnlyForDeploymentPostprocessing = 1;
		};
/* End PBXCopyFilesBuildPhase section */

/* Begin PBXFileReference section */
		CC53C5B81A79CE8E00756765 /* OpenGLHelloWorld.cpp */ = {isa = PBXFileReference; fileEncoding = 4; lastKnownFileType = sourcecode.cpp.cpp; path = OpenGLHelloWorld.cpp; sourceTree = "<group>"; };
		CC53C5B91A79CE8E00756765 /* OpenGLHelloWorld.h */ = {isa = PBXFileReference; fileEncoding = 4; lastKnownFileType = sourcecode.c.h; path = OpenGLHelloWorld.h; sourceTree = "<group>"; };
		CC53C5BB1A79D9B200756765 /* Cocoa.framework */ = {isa = PBXFileReference; lastKnownFileType = wrapper.framework; name = Cocoa.framework; path = System/Library/Frameworks/Cocoa.framework; sourceTree = SDKROOT; };
		CC53C5BD1A79D9B900756765 /* GLUT.framework */ = {isa = PBXFileReference; lastKnownFileType = wrapper.framework; name = GLUT.framework; path = System/Library/Frameworks/GLUT.framework; sourceTree = SDKROOT; };
		CC53C5BF1A79D9D000756765 /* OpenGL.framework */ = {isa = PBXFileReference; lastKnownFileType = wrapper.framework; name = OpenGL.framework; path = System/Library/Frameworks/OpenGL.framework; sourceTree = SDKROOT; };
		CC5C728F1A79C929009F6699 /* openGLTest */ = {isa = PBXFileReference; explicitFileType = "compiled.mach-o.executable"; includeInIndex = 0; path = openGLTest; sourceTree = BUILT_PRODUCTS_DIR; };
		CC5C72921A79C929009F6699 /* main.cpp */ = {isa = PBXFileReference; lastKnownFileType = sourcecode.cpp.cpp; path = main.cpp; sourceTree = "<group>"; };
		CCE8E0EB1A7DB7D700211E0C /* GLKit.framework */ = {isa = PBXFileReference; lastKnownFileType = wrapper.framework; name = GLKit.framework; path = System/Library/Frameworks/GLKit.framework; sourceTree = SDKROOT; };
/* End PBXFileReference section */

/* Begin PBXFrameworksBuildPhase section */
		CC5C728C1A79C929009F6699 /* Frameworks */ = {
			isa = PBXFrameworksBuildPhase;
			buildActionMask = 2147483647;
			files = (
				CCE8E0EC1A7DB7D700211E0C /* GLKit.framework in Frameworks */,
				CC53C5C01A79D9D000756765 /* OpenGL.framework in Frameworks */,
				CC53C5BE1A79D9B900756765 /* GLUT.framework in Frameworks */,
				CC53C5BC1A79D9B200756765 /* Cocoa.framework in Frameworks */,
			);
			runOnlyForDeploymentPostprocessing = 0;
		};
/* End PBXFrameworksBuildPhase section */

/* Begin PBXGroup section */
		CC5C72861A79C929009F6699 = {
			isa = PBXGroup;
			children = (
				CCE8E0EB1A7DB7D700211E0C /* GLKit.framework */,
				CC53C5BF1A79D9D000756765 /* OpenGL.framework */,
				CC53C5BD1A79D9B900756765 /* GLUT.framework */,
				CC53C5BB1A79D9B200756765 /* Cocoa.framework */,
				CC5C72911A79C929009F6699 /* openGLTest */,
				CC5C72901A79C929009F6699 /* Products */,
			);
			sourceTree = "<group>";
		};
		CC5C72901A79C929009F6699 /* Products */ = {
			isa = PBXGroup;
			children = (
				CC5C728F1A79C929009F6699 /* openGLTest */,
			);
			name = Products;
			sourceTree = "<group>";
		};
		CC5C72911A79C929009F6699 /* openGLTest */ = {
			isa = PBXGroup;
			children = (
				CC5C72921A79C929009F6699 /* main.cpp */,
				CC53C5B81A79CE8E00756765 /* OpenGLHelloWorld.cpp */,
				CC53C5B91A79CE8E00756765 /* OpenGLHelloWorld.h */,
			);
			path = openGLTest;
			sourceTree = "<group>";
		};
/* End PBXGroup section */

/* Begin PBXNativeTarget section */
		CC5C728E1A79C929009F6699 /* openGLTest */ = {
			isa = PBXNativeTarget;
			buildConfigurationList = CC5C72961A79C929009F6699 /* Build configuration list for PBXNativeTarget "openGLTest" */;
			buildPhases = (
				CC5C728B1A79C929009F6699 /* Sources */,
				CC5C728C1A79C929009F6699 /* Frameworks */,
				CC5C728D1A79C929009F6699 /* CopyFiles */,
			);
			buildRules = (
			);
			dependencies = (
			);
			name = openGLTest;
			productName = openGLTest;
			productReference = CC5C728F1A79C929009F6699 /* openGLTest */;
			productType = "com.apple.product-type.tool";
		};
/* End PBXNativeTarget section */

/* Begin PBXProject section */
		CC5C72871A79C929009F6699 /* Project object */ = {
			isa = PBXProject;
			attributes = {
				LastUpgradeCheck = 0610;
				ORGANIZATIONNAME = "Pranshu Kumar";
				TargetAttributes = {
					CC5C728E1A79C929009F6699 = {
						CreatedOnToolsVersion = 6.1.1;
					};
				};
			};
			buildConfigurationList = CC5C728A1A79C929009F6699 /* Build configuration list for PBXProject "openGLTest" */;
			compatibilityVersion = "Xcode 3.2";
			developmentRegion = English;
			hasScannedForEncodings = 0;
			knownRegions = (
				en,
			);
			mainGroup = CC5C72861A79C929009F6699;
			productRefGroup = CC5C72901A79C929009F6699 /* Products */;
			projectDirPath = "";
			projectRoot = "";
			targets = (
				CC5C728E1A79C929009F6699 /* openGLTest */,
			);
		};
/* End PBXProject section */

/* Begin PBXSourcesBuildPhase section */
		CC5C728B1A79C929009F6699 /* Sources */ = {
			isa = PBXSourcesBuildPhase;
			buildActionMask = 2147483647;
			files = (
				CC53C5BA1A79CE8E00756765 /* OpenGLHelloWorld.cpp in Sources */,
				CC5C72931A79C929009F6699 /* main.cpp in Sources */,
			);
			runOnlyForDeploymentPostprocessing = 0;
		};
/* End PBXSourcesBuildPhase section */

/* Begin XCBuildConfiguration section */
		CC5C72941A79C929009F6699 /* Debug */ = {
			isa = XCBuildConfiguration;
			buildSettings = {
				ALWAYS_SEARCH_USER_PATHS = NO;
				CLANG_CXX_LANGUAGE_STANDARD = "gnu++0x";
				CLANG_CXX_LIBRARY = "libc++";
				CLANG_ENABLE_MODULES = YES;
				CLANG_ENABLE_OBJC_ARC = YES;
				CLANG_WARN_BOOL_CONVERSION = YES;
				CLANG_WARN_CONSTANT_CONVERSION = YES;
				CLANG_WARN_DIRECT_OBJC_ISA_USAGE = YES_ERROR;
				CLANG_WARN_EMPTY_BODY = YES;
				CLANG_WARN_ENUM_CONVERSION = YES;
				CLANG_WARN_INT_CONVERSION = YES;
				CLANG_WARN_OBJC_ROOT_CLASS = YES_ERROR;
				CLANG_WARN_UNREACHABLE_CODE = YES;
				CLANG_WARN__DUPLICATE_METHOD_MATCH = YES;
				COPY_PHASE_STRIP = NO;
				ENABLE_STRICT_OBJC_MSGSEND = YES;
				GCC_C_LANGUAGE_STANDARD = gnu99;
				GCC_DYNAMIC_NO_PIC = NO;
				GCC_OPTIMIZATION_LEVEL = 0;
				GCC_PREPROCESSOR_DEFINITIONS = (
					"DEBUG=1",
					"$(inherited)",
				);
				GCC_SYMBOLS_PRIVATE_EXTERN = NO;
				GCC_WARN_64_TO_32_BIT_CONVERSION = YES;
				GCC_WARN_ABOUT_RETURN_TYPE = YES_ERROR;
				GCC_WARN_UNDECLARED_SELECTOR = YES;
				GCC_WARN_UNINITIALIZED_AUTOS = YES_AGGRESSIVE;
				GCC_WARN_UNUSED_FUNCTION = YES;
				GCC_WARN_UNUSED_VARIABLE = YES;
				MACOSX_DEPLOYMENT_TARGET = 10.10;
				MTL_ENABLE_DEBUG_INFO = YES;
				ONLY_ACTIVE_ARCH = YES;
				SDKROOT = macosx;
			};
			name = Debug;
		};
		CC5C72951A79C929009F6699 /* Release */ = {
			isa = XCBuildConfiguration;
			buildSettings = {
				ALWAYS_SEARCH_USER_PATHS = NO;
				CLANG_CXX_LANGUAGE_STANDARD = "gnu++0x";
				CLANG_CXX_LIBRARY = "libc++";
				CLANG_ENABLE_MODULES = YES;
				CLANG_ENABLE_OBJC_ARC = YES;
				CLANG_WARN_BOOL_CONVERSION = YES;
				CLANG_WARN_CONSTANT_CONVERSION = YES;
				CLANG_WARN_DIRECT_OBJC_ISA_USAGE = YES_ERROR;
				CLANG_WARN_EMPTY_BODY = YES;
				CLANG_WARN_ENUM_CONVERSION = YES;
				CLANG_WARN_INT_CONVERSION = YES;
				CLANG_WARN_OBJC_ROOT_CLASS = YES_ERROR;
				CLANG_WARN_UNREACHABLE_CODE = YES;
				CLANG_WARN__DUPLICATE_METHOD_MATCH = YES;
				COPY_PHASE_STRIP = YES;
				DEBUG_INFORMATION_FORMAT = "dwarf-with-dsym";
				ENABLE_NS_ASSERTIONS = NO;
				ENABLE_STRICT_OBJC_MSGSEND = YES;
				GCC_C_LANGUAGE_STANDARD = gnu99;
				GCC_WARN_64_TO_32_BIT_CONVERSION = YES;
				GCC_WARN_ABOUT_RETURN_TYPE = YES_ERROR;
				GCC_WARN_UNDECLARED_SELECTOR = YES;
				GCC_WARN_UNINITIALIZED_AUTOS = YES_AGGRESSIVE;
				GCC_WARN_UNUSED_FUNCTION = YES;
				GCC_WARN_UNUSED_VARIABLE = YES;
				MACOSX_DEPLOYMENT_TARGET = 10.10;
				MTL_ENABLE_DEBUG_INFO = NO;
				SDKROOT = macosx;
			};
			name = Release;
		};
		CC5C72971A79C929009F6699 /* Debug */ = {
			isa = XCBuildConfiguration;
			buildSettings = {
				PRODUCT_NAME = "$(TARGET_NAME)";
			};
			name = Debug;
		};
		CC5C72981A79C929009F6699 /* Release */ = {
			isa = XCBuildConfiguration;
			buildSettings = {
				PRODUCT_NAME = "$(TARGET_NAME)";
			};
			name = Release;
		};
/* End XCBuildConfiguration section */

/* Begin XCConfigurationList section */
		CC5C728A1A79C929009F6699 /* Build configuration list for PBXProject "openGLTest" */ = {
			isa = XCConfigurationList;
			buildConfigurations = (
				CC5C72941A79C929009F6699 /* Debug */,
				CC5C72951A79C929009F6699 /* Release */,
			);
			defaultConfigurationIsVisible = 0;
			defaultConfigurationName = Release;
		};
		CC5C72961A79C929009F6699 /* Build configuration list for PBXNativeTarget "openGLTest" */ = {
			isa = XCConfigurationList;
			buildConfigurations = (
				CC5C72971A79C929009F6699 /* Debug */,
				CC5C72981A79C929009F6699 /* Release */,
			);
			defaultConfigurationIsVisible = 0;
			defaultConfigurationName = Release;
		};
/* End XCConfigurationList section */
	};
	rootObject = CC5C72871A79C929009F6699 /* Project object */;
}
